
Microsoft Visual Studio Solution File, Format Version 12.00
# Visual Studio 15
VisualStudioVersion = 15.0.27130.2027
MinimumVisualStudioVersion = 10.0.40219.1
Project("{9A19103F-16F7-4668-BE54-9A1E7A4F7556}") = "searchresults_api", "searchresults_api\searchresults_api.csproj", "{20FE2CFE-0870-42B7-BA6B-8C5C58A3EC72}"
EndProject
Project("{9092AA53-FB77-4645-B42D-1CCCA6BD08BD}") = "searchresults_aurelia", "searchresults_aurelia\searchresults_aurelia.njsproj", "{540488EB-E64A-4313-88BF-7531EA639B9F}"
EndProject
Project("{9092AA53-FB77-4645-B42D-1CCCA6BD08BD}") = "searchresult_reactapp", "searchresult_reactapp\searchresult_reactapp.njsproj", "{2CC5C7D8-6FC2-4FBA-AB52-FFD6D303757B}"
EndProject
Global
	GlobalSection(SolutionConfigurationPlatforms) = preSolution
		Debug|Any CPU = Debug|Any CPU
		Release|Any CPU = Release|Any CPU
	EndGlobalSection
	GlobalSection(ProjectConfigurationPlatforms) = postSolution
		{20FE2CFE-0870-42B7-BA6B-8C5C58A3EC72}.Debug|Any CPU.ActiveCfg = Debug|Any CPU
		{20FE2CFE-0870-42B7-BA6B-8C5C58A3EC72}.Debug|Any CPU.Build.0 = Debug|Any CPU
		{20FE2CFE-0870-42B7-BA6B-8C5C58A3EC72}.Release|Any CPU.ActiveCfg = Release|Any CPU
		{20FE2CFE-0870-42B7-BA6B-8C5C58A3EC72}.Release|Any CPU.Build.0 = Release|Any CPU
		{540488EB-E64A-4313-88BF-7531EA639B9F}.Debug|Any CPU.ActiveCfg = Debug|Any CPU
		{540488EB-E64A-4313-88BF-7531EA639B9F}.Debug|Any CPU.Build.0 = Debug|Any CPU
		{540488EB-E64A-4313-88BF-7531EA639B9F}.Release|Any CPU.ActiveCfg = Release|Any CPU
		{540488EB-E64A-4313-88BF-7531EA639B9F}.Release|Any CPU.Build.0 = Release|Any CPU
		{2CC5C7D8-6FC2-4FBA-AB52-FFD6D303757B}.Debug|Any CPU.ActiveCfg = Debug|Any CPU
		{2CC5C7D8-6FC2-4FBA-AB52-FFD6D303757B}.Debug|Any CPU.Build.0 = Debug|Any CPU
		{2CC5C7D8-6FC2-4FBA-AB52-FFD6D303757B}.Release|Any CPU.ActiveCfg = Release|Any CPU
		{2CC5C7D8-6FC2-4FBA-AB52-FFD6D303757B}.Release|Any CPU.Build.0 = Release|Any CPU
	EndGlobalSection
	GlobalSection(SolutionProperties) = preSolution
		HideSolutionNode = FALSE
	EndGlobalSection
	GlobalSection(ExtensibilityGlobals) = postSolution
		SolutionGuid = {DC0FB35A-5D3E-4347-9B4D-DBDB4A5B08E8}
	EndGlobalSection
EndGlobal
